
Microsoft Visual Studio Solution File, Format Version 12.00
# Visual Studio Version 17
VisualStudioVersion = 17.10.35004.147
MinimumVisualStudioVersion = 10.0.40219.1
Project("{FAE04EC0-301F-11D3-BF4B-00C04F79EFBC}") = "tumakovHW", "tumakovHW\tumakovHW.csproj", "{68BA62E3-109D-41C4-931B-C440151CB351}"
EndProject
Global
	GlobalSection(SolutionConfigurationPlatforms) = preSolution
		Debug|Any CPU = Debug|Any CPU
		Release|Any CPU = Release|Any CPU
	EndGlobalSection
	GlobalSection(ProjectConfigurationPlatforms) = postSolution
		{68BA62E3-109D-41C4-931B-C440151CB351}.Debug|Any CPU.ActiveCfg = Debug|Any CPU
		{68BA62E3-109D-41C4-931B-C440151CB351}.Debug|Any CPU.Build.0 = Debug|Any CPU
		{68BA62E3-109D-41C4-931B-C440151CB351}.Release|Any CPU.ActiveCfg = Release|Any CPU
		{68BA62E3-109D-41C4-931B-C440151CB351}.Release|Any CPU.Build.0 = Release|Any CPU
	EndGlobalSection
	GlobalSection(SolutionProperties) = preSolution
		HideSolutionNode = FALSE
	EndGlobalSection
	GlobalSection(ExtensibilityGlobals) = postSolution
		SolutionGuid = {B80AF903-E35C-462C-9258-9A1A8956C196}
	EndGlobalSection
EndGlobal
